
Microsoft Visual Studio Solution File, Format Version 12.00
# Visual Studio Version 16
VisualStudioVersion = 16.0.30804.86
MinimumVisualStudioVersion = 10.0.40219.1
Project("{FAE04EC0-301F-11D3-BF4B-00C04F79EFBC}") = "10.2", "10.2\10.2.csproj", "{9D235BF8-C868-4211-86E1-FE52966E1E8E}"
EndProject
Global
	GlobalSection(SolutionConfigurationPlatforms) = preSolution
		Debug|Any CPU = Debug|Any CPU
		Release|Any CPU = Release|Any CPU
	EndGlobalSection
	GlobalSection(ProjectConfigurationPlatforms) = postSolution
		{9D235BF8-C868-4211-86E1-FE52966E1E8E}.Debug|Any CPU.ActiveCfg = Debug|Any CPU
		{9D235BF8-C868-4211-86E1-FE52966E1E8E}.Debug|Any CPU.Build.0 = Debug|Any CPU
		{9D235BF8-C868-4211-86E1-FE52966E1E8E}.Release|Any CPU.ActiveCfg = Release|Any CPU
		{9D235BF8-C868-4211-86E1-FE52966E1E8E}.Release|Any CPU.Build.0 = Release|Any CPU
	EndGlobalSection
	GlobalSection(SolutionProperties) = preSolution
		HideSolutionNode = FALSE
	EndGlobalSection
	GlobalSection(ExtensibilityGlobals) = postSolution
		SolutionGuid = {29909849-1701-4FF5-9B8E-974F61B8A4C4}
	EndGlobalSection
EndGlobal
