
Microsoft Visual Studio Solution File, Format Version 12.00
# Visual Studio Version 16
VisualStudioVersion = 16.0.29709.97
MinimumVisualStudioVersion = 10.0.40219.1
Project("{FAE04EC0-301F-11D3-BF4B-00C04F79EFBC}") = "WindowsFormsApp2", "WindowsFormsApp2\WindowsFormsApp2.csproj", "{07E9CCF2-18B6-4E47-8B15-820DD861BEE5}"
EndProject
Global
	GlobalSection(SolutionConfigurationPlatforms) = preSolution
		Debug|Any CPU = Debug|Any CPU
		Release|Any CPU = Release|Any CPU
	EndGlobalSection
	GlobalSection(ProjectConfigurationPlatforms) = postSolution
		{07E9CCF2-18B6-4E47-8B15-820DD861BEE5}.Debug|Any CPU.ActiveCfg = Debug|Any CPU
		{07E9CCF2-18B6-4E47-8B15-820DD861BEE5}.Debug|Any CPU.Build.0 = Debug|Any CPU
		{07E9CCF2-18B6-4E47-8B15-820DD861BEE5}.Release|Any CPU.ActiveCfg = Release|Any CPU
		{07E9CCF2-18B6-4E47-8B15-820DD861BEE5}.Release|Any CPU.Build.0 = Release|Any CPU
	EndGlobalSection
	GlobalSection(SolutionProperties) = preSolution
		HideSolutionNode = FALSE
	EndGlobalSection
	GlobalSection(ExtensibilityGlobals) = postSolution
		SolutionGuid = {4BC5AEE1-8C6D-4DCA-BBDB-05428D2FC52E}
	EndGlobalSection
EndGlobal
