
Microsoft Visual Studio Solution File, Format Version 12.00
# Visual Studio Version 16
VisualStudioVersion = 16.0.30804.86
MinimumVisualStudioVersion = 10.0.40219.1
Project("{FAE04EC0-301F-11D3-BF4B-00C04F79EFBC}") = "11.1", "11.1\11.1.csproj", "{499FCA9A-10ED-4629-8F1D-86F4440C866A}"
EndProject
Global
	GlobalSection(SolutionConfigurationPlatforms) = preSolution
		Debug|Any CPU = Debug|Any CPU
		Release|Any CPU = Release|Any CPU
	EndGlobalSection
	GlobalSection(ProjectConfigurationPlatforms) = postSolution
		{499FCA9A-10ED-4629-8F1D-86F4440C866A}.Debug|Any CPU.ActiveCfg = Debug|Any CPU
		{499FCA9A-10ED-4629-8F1D-86F4440C866A}.Debug|Any CPU.Build.0 = Debug|Any CPU
		{499FCA9A-10ED-4629-8F1D-86F4440C866A}.Release|Any CPU.ActiveCfg = Release|Any CPU
		{499FCA9A-10ED-4629-8F1D-86F4440C866A}.Release|Any CPU.Build.0 = Release|Any CPU
	EndGlobalSection
	GlobalSection(SolutionProperties) = preSolution
		HideSolutionNode = FALSE
	EndGlobalSection
	GlobalSection(ExtensibilityGlobals) = postSolution
		SolutionGuid = {8C40D5E9-5D28-4CA5-9106-7C56CE385107}
	EndGlobalSection
EndGlobal
