
Microsoft Visual Studio Solution File, Format Version 12.00
# Visual Studio Version 16
VisualStudioVersion = 16.0.29709.97
MinimumVisualStudioVersion = 10.0.40219.1
Project("{FAE04EC0-301F-11D3-BF4B-00C04F79EFBC}") = "Практика 3 Задание 1.1", "Практика 3 Задание 1.1\Практика 3 Задание 1.1.csproj", "{6CF8ADF6-5F15-4F77-B3A9-722588C93CA2}"
EndProject
Global
	GlobalSection(SolutionConfigurationPlatforms) = preSolution
		Debug|Any CPU = Debug|Any CPU
		Release|Any CPU = Release|Any CPU
	EndGlobalSection
	GlobalSection(ProjectConfigurationPlatforms) = postSolution
		{6CF8ADF6-5F15-4F77-B3A9-722588C93CA2}.Debug|Any CPU.ActiveCfg = Debug|Any CPU
		{6CF8ADF6-5F15-4F77-B3A9-722588C93CA2}.Debug|Any CPU.Build.0 = Debug|Any CPU
		{6CF8ADF6-5F15-4F77-B3A9-722588C93CA2}.Release|Any CPU.ActiveCfg = Release|Any CPU
		{6CF8ADF6-5F15-4F77-B3A9-722588C93CA2}.Release|Any CPU.Build.0 = Release|Any CPU
	EndGlobalSection
	GlobalSection(SolutionProperties) = preSolution
		HideSolutionNode = FALSE
	EndGlobalSection
	GlobalSection(ExtensibilityGlobals) = postSolution
		SolutionGuid = {7AF060D9-0B31-4429-BA5B-69E4CBD9A17A}
	EndGlobalSection
EndGlobal
