
Microsoft Visual Studio Solution File, Format Version 12.00
# Visual Studio Version 16
VisualStudioVersion = 16.0.29709.97
MinimumVisualStudioVersion = 10.0.40219.1
Project("{FAE04EC0-301F-11D3-BF4B-00C04F79EFBC}") = "WindowsFormsApp6", "WindowsFormsApp6\WindowsFormsApp6.csproj", "{8743DA4E-EC96-4A39-BADE-CC820E135708}"
EndProject
Global
	GlobalSection(SolutionConfigurationPlatforms) = preSolution
		Debug|Any CPU = Debug|Any CPU
		Release|Any CPU = Release|Any CPU
	EndGlobalSection
	GlobalSection(ProjectConfigurationPlatforms) = postSolution
		{8743DA4E-EC96-4A39-BADE-CC820E135708}.Debug|Any CPU.ActiveCfg = Debug|Any CPU
		{8743DA4E-EC96-4A39-BADE-CC820E135708}.Debug|Any CPU.Build.0 = Debug|Any CPU
		{8743DA4E-EC96-4A39-BADE-CC820E135708}.Release|Any CPU.ActiveCfg = Release|Any CPU
		{8743DA4E-EC96-4A39-BADE-CC820E135708}.Release|Any CPU.Build.0 = Release|Any CPU
	EndGlobalSection
	GlobalSection(SolutionProperties) = preSolution
		HideSolutionNode = FALSE
	EndGlobalSection
	GlobalSection(ExtensibilityGlobals) = postSolution
		SolutionGuid = {CC007ADE-BD68-4405-B1BF-2EA6240765BD}
	EndGlobalSection
EndGlobal
