
Microsoft Visual Studio Solution File, Format Version 12.00
# Visual Studio Version 16
VisualStudioVersion = 16.0.29709.97
MinimumVisualStudioVersion = 10.0.40219.1
Project("{FAE04EC0-301F-11D3-BF4B-00C04F79EFBC}") = "Практика 4 Задание 1.1", "Практика 4 Задание 1.1\Практика 4 Задание 1.1.csproj", "{DA085268-5241-4321-AECB-C5BA758F9F05}"
EndProject
Global
	GlobalSection(SolutionConfigurationPlatforms) = preSolution
		Debug|Any CPU = Debug|Any CPU
		Release|Any CPU = Release|Any CPU
	EndGlobalSection
	GlobalSection(ProjectConfigurationPlatforms) = postSolution
		{DA085268-5241-4321-AECB-C5BA758F9F05}.Debug|Any CPU.ActiveCfg = Debug|Any CPU
		{DA085268-5241-4321-AECB-C5BA758F9F05}.Debug|Any CPU.Build.0 = Debug|Any CPU
		{DA085268-5241-4321-AECB-C5BA758F9F05}.Release|Any CPU.ActiveCfg = Release|Any CPU
		{DA085268-5241-4321-AECB-C5BA758F9F05}.Release|Any CPU.Build.0 = Release|Any CPU
	EndGlobalSection
	GlobalSection(SolutionProperties) = preSolution
		HideSolutionNode = FALSE
	EndGlobalSection
	GlobalSection(ExtensibilityGlobals) = postSolution
		SolutionGuid = {2F613181-D6F0-415C-A5E7-E25255DD0F3B}
	EndGlobalSection
EndGlobal
